
Microsoft Visual Studio Solution File, Format Version 12.00
Project("{FAE04EC0-301F-11D3-BF4B-00C04F79EFBC}") = "Character", "Character\Character.csproj", "{20A67050-C3CE-4E61-8CA1-4281C829023F}"
EndProject
Global
	GlobalSection(SolutionConfigurationPlatforms) = preSolution
		Debug|Any CPU = Debug|Any CPU
		Release|Any CPU = Release|Any CPU
	EndGlobalSection
	GlobalSection(ProjectConfigurationPlatforms) = postSolution
		{20A67050-C3CE-4E61-8CA1-4281C829023F}.Debug|Any CPU.ActiveCfg = Debug|Any CPU
		{20A67050-C3CE-4E61-8CA1-4281C829023F}.Debug|Any CPU.Build.0 = Debug|Any CPU
		{20A67050-C3CE-4E61-8CA1-4281C829023F}.Release|Any CPU.ActiveCfg = Release|Any CPU
		{20A67050-C3CE-4E61-8CA1-4281C829023F}.Release|Any CPU.Build.0 = Release|Any CPU
	EndGlobalSection
EndGlobal
